
Microsoft Visual Studio Solution File, Format Version 12.00
# Visual Studio 15
Project("{FAE04EC0-301F-11D3-BF4B-00C04F79EFBC}") = "VR Flappy Bird", "VR Flappy Bird.csproj", "{8E2F9FE3-297D-F100-C11D-3B7EBAFF04FF}"
EndProject
Project("{FAE04EC0-301F-11D3-BF4B-00C04F79EFBC}") = "VR Flappy Bird.Editor", "VR Flappy Bird.Editor.csproj", "{63D5BBFB-35AF-B4E8-248F-EA455D4233AB}"
EndProject
Global
	GlobalSection(SolutionConfigurationPlatforms) = preSolution
		Debug|Any CPU = Debug|Any CPU
		Release|Any CPU = Release|Any CPU
	EndGlobalSection
	GlobalSection(ProjectConfigurationPlatforms) = postSolution
		{8E2F9FE3-297D-F100-C11D-3B7EBAFF04FF}.Debug|Any CPU.ActiveCfg = Debug|Any CPU
		{8E2F9FE3-297D-F100-C11D-3B7EBAFF04FF}.Debug|Any CPU.Build.0 = Debug|Any CPU
		{8E2F9FE3-297D-F100-C11D-3B7EBAFF04FF}.Release|Any CPU.ActiveCfg = Release|Any CPU
		{8E2F9FE3-297D-F100-C11D-3B7EBAFF04FF}.Release|Any CPU.Build.0 = Release|Any CPU
		{63D5BBFB-35AF-B4E8-248F-EA455D4233AB}.Debug|Any CPU.ActiveCfg = Debug|Any CPU
		{63D5BBFB-35AF-B4E8-248F-EA455D4233AB}.Debug|Any CPU.Build.0 = Debug|Any CPU
		{63D5BBFB-35AF-B4E8-248F-EA455D4233AB}.Release|Any CPU.ActiveCfg = Release|Any CPU
		{63D5BBFB-35AF-B4E8-248F-EA455D4233AB}.Release|Any CPU.Build.0 = Release|Any CPU
	EndGlobalSection
	GlobalSection(SolutionProperties) = preSolution
		HideSolutionNode = FALSE
	EndGlobalSection
EndGlobal
